# auto-generated by grc.converter

id: ais_square_and_fft_sync
label: square_and_fft_sync_cc
category: ais

parameters:
-   id: rate
    label: Sample rate
    dtype: float
-   id: sps
    label: Symbols per second
    dtype: float
-   id: fftlen
    label: FFT length
    dtype: int

inputs:
-   domain: stream
    dtype: complex

outputs:
-   domain: stream
    dtype: complex

templates:
    imports: from ais import gmsk_sync
    make: gmsk_sync.square_and_fft_sync_cc(${rate}, ${sps}, ${fftlen})

file_format: 1
